
Microsoft Visual Studio Solution File, Format Version 12.00
# Visual Studio Version 17
VisualStudioVersion = 17.13.35931.197 d17.13
MinimumVisualStudioVersion = 10.0.40219.1
Project("{FAE04EC0-301F-11D3-BF4B-00C04F79EFBC}") = "Presentation", "Presentation\Presentation.csproj", "{D64B0B97-D7FE-476F-93F3-1E45E5C889B2}"
EndProject
Project("{FAE04EC0-301F-11D3-BF4B-00C04F79EFBC}") = "Tests", "Tests\Tests.csproj", "{ADFEDC3A-07AA-4B22-80E4-E91B79754BA7}"
EndProject
Global
	GlobalSection(SolutionConfigurationPlatforms) = preSolution
		Debug|Any CPU = Debug|Any CPU
		Release|Any CPU = Release|Any CPU
	EndGlobalSection
	GlobalSection(ProjectConfigurationPlatforms) = postSolution
		{D64B0B97-D7FE-476F-93F3-1E45E5C889B2}.Debug|Any CPU.ActiveCfg = Debug|Any CPU
		{D64B0B97-D7FE-476F-93F3-1E45E5C889B2}.Debug|Any CPU.Build.0 = Debug|Any CPU
		{D64B0B97-D7FE-476F-93F3-1E45E5C889B2}.Release|Any CPU.ActiveCfg = Release|Any CPU
		{D64B0B97-D7FE-476F-93F3-1E45E5C889B2}.Release|Any CPU.Build.0 = Release|Any CPU
		{ADFEDC3A-07AA-4B22-80E4-E91B79754BA7}.Debug|Any CPU.ActiveCfg = Debug|Any CPU
		{ADFEDC3A-07AA-4B22-80E4-E91B79754BA7}.Debug|Any CPU.Build.0 = Debug|Any CPU
		{ADFEDC3A-07AA-4B22-80E4-E91B79754BA7}.Release|Any CPU.ActiveCfg = Release|Any CPU
		{ADFEDC3A-07AA-4B22-80E4-E91B79754BA7}.Release|Any CPU.Build.0 = Release|Any CPU
	EndGlobalSection
	GlobalSection(SolutionProperties) = preSolution
		HideSolutionNode = FALSE
	EndGlobalSection
	GlobalSection(ExtensibilityGlobals) = postSolution
		SolutionGuid = {7FF14666-CCAE-4F76-91F8-413A5BF3087B}
	EndGlobalSection
EndGlobal
